{
  "lockfileVersion": 1,
  "workspaces": {
    "": {
      "devDependencies": {
        "@types/bun": "^1.2.2",
        "@typescript/native-preview": "^7.0.0-dev.20250910.1",
        "prettier": "^3.5.1",
        "typescript": "^5.7.3",
      },
    },
    "examples/music-library": {
      "name": "music-library",
      "dependencies": {
        "deltaflow": "workspace:*",
      },
      "devDependencies": {
        "@types/bun": "latest",
      },
    },
    "packages/deltaflow": {
      "name": "deltaflow",
      "version": "0.0.0",
      "devDependencies": {
        "@types/bun": "latest",
        "fake-indexeddb": "^6.0.0",
        "typotest": "workspace:*",
      },
    },
    "packages/deltaquery": {
      "name": "deltaquery",
      "version": "0.0.0",
    },
    "packages/typotest": {
      "name": "typotest",
      "version": "0.0.1",
      "devDependencies": {
        "@types/bun": "^1.2.2",
      },
    },
  },
  "packages": {
    "@types/bun": ["@types/bun@1.2.2", "", { "dependencies": { "bun-types": "1.2.2" } }, "sha512-tr74gdku+AEDN5ergNiBnplr7hpDp3V1h7fqI2GcR/rsUaM39jpSeKH0TFibRvU0KwniRx5POgaYnaXbk0hU+w=="],

    "@types/node": ["@types/node@22.13.4", "", { "dependencies": { "undici-types": "~6.20.0" } }, "sha512-ywP2X0DYtX3y08eFVx5fNIw7/uIv8hYUKgXoK8oayJlLnKcRfEYCxWMVE1XagUdVtCJlZT1AU4LXEABW+L1Peg=="],

    "@types/react": ["@types/react@19.1.12", "", { "dependencies": { "csstype": "^3.0.2" } }, "sha512-cMoR+FoAf/Jyq6+Df2/Z41jISvGZZ2eTlnsaJRptmZ76Caldwy1odD4xTr/gNV9VLj0AWgg/nmkevIyUfIIq5w=="],

    "@types/ws": ["@types/ws@8.5.14", "", { "dependencies": { "@types/node": "*" } }, "sha512-bd/YFLW+URhBzMXurx7lWByOu+xzU9+kb3RboOteXYDfW+tr+JZa99OyNmPINEGB/ahzKrEuc8rcv4gnpJmxTw=="],

    "@typescript/native-preview": ["@typescript/native-preview@7.0.0-dev.20250910.1", "", { "optionalDependencies": { "@typescript/native-preview-darwin-arm64": "7.0.0-dev.20250910.1", "@typescript/native-preview-darwin-x64": "7.0.0-dev.20250910.1", "@typescript/native-preview-linux-arm": "7.0.0-dev.20250910.1", "@typescript/native-preview-linux-arm64": "7.0.0-dev.20250910.1", "@typescript/native-preview-linux-x64": "7.0.0-dev.20250910.1", "@typescript/native-preview-win32-arm64": "7.0.0-dev.20250910.1", "@typescript/native-preview-win32-x64": "7.0.0-dev.20250910.1" }, "bin": { "tsgo": "bin/tsgo.js" } }, "sha512-d4i1kHxvWfYDGIjah8PHkBdY+pts4jzEJ2g0xqqW6oz3eDmuwx3aeDwmcEXgqw/ClDLtdy0t3NjFSE4ysqGO1g=="],

    "@typescript/native-preview-darwin-arm64": ["@typescript/native-preview-darwin-arm64@7.0.0-dev.20250910.1", "", { "os": "darwin", "cpu": "arm64" }, "sha512-PcSdX+LDNSAsBCPcbLx01sE8kyNv48WAGlxtRptrXvgnY61O64FzqCr755pteGIGrEEEQ9qsmm5b68EdyMbqJQ=="],

    "@typescript/native-preview-darwin-x64": ["@typescript/native-preview-darwin-x64@7.0.0-dev.20250910.1", "", { "os": "darwin", "cpu": "x64" }, "sha512-iz4T7SmwoLczNxfIlEfb3WQSD/cpcybT27s0S/HOAJbrZRRDRT/RvNWLT9PI0aEVM7EGxHrPOExjWGErItGP/w=="],

    "@typescript/native-preview-linux-arm": ["@typescript/native-preview-linux-arm@7.0.0-dev.20250910.1", "", { "os": "linux", "cpu": "arm" }, "sha512-LfxNhRNuxBjfGWsOn/aQ3j76E+ZyyvMcQOVYYyr/+5BG/2bCtKtKtLI+xZzxeaPL6yz3a+TTdO1RtT79z7IKGw=="],

    "@typescript/native-preview-linux-arm64": ["@typescript/native-preview-linux-arm64@7.0.0-dev.20250910.1", "", { "os": "linux", "cpu": "arm64" }, "sha512-ezy44eOONVCTKBbMNuswVXQJDH96vZz1UttTzCWoLjnxa5YLPoSxtdXLzqLDXFm9mznFkO55dq5brFc0yEcytQ=="],

    "@typescript/native-preview-linux-x64": ["@typescript/native-preview-linux-x64@7.0.0-dev.20250910.1", "", { "os": "linux", "cpu": "x64" }, "sha512-pBmxFR9+C74QGzhDS8PRRBswQcnVFp2XD2J6oFfDcMmtsq8gFIlggAx3+k3fLysoH5gJDISsgjZr43IIcncpzQ=="],

    "@typescript/native-preview-win32-arm64": ["@typescript/native-preview-win32-arm64@7.0.0-dev.20250910.1", "", { "os": "win32", "cpu": "arm64" }, "sha512-qCJYqZ/utGR9OPGx0871Ov1djUZ9MAFtGKrtbgUwrwjfXLLGZHUDOmI9brfYQ2ruCxTKENk6IfWIAtY+zV6C2A=="],

    "@typescript/native-preview-win32-x64": ["@typescript/native-preview-win32-x64@7.0.0-dev.20250910.1", "", { "os": "win32", "cpu": "x64" }, "sha512-RPjV+ZypHeSz1Ky6wys52tXTYpYQ4fAqovC5ZZC+j+Lf8gEEcWXcmuJMEBN6vhTCvx1c6QdRtBBIYRrUHh/JEA=="],

    "bun-types": ["bun-types@1.2.2", "", { "dependencies": { "@types/node": "*", "@types/ws": "~8.5.10" } }, "sha512-RCbMH5elr9gjgDGDhkTTugA21XtJAy/9jkKe/G3WR2q17VPGhcquf9Sir6uay9iW+7P/BV0CAHA1XlHXMAVKHg=="],

    "csstype": ["csstype@3.1.3", "", {}, "sha512-M1uQkMl8rQK/szD0LNhtqxIPLpimGm8sOBwU7lLnCpSbTyY3yeU1Vc7l4KT5zT4s/yOxHH5O7tIuuLOCnLADRw=="],

    "deltaflow": ["deltaflow@workspace:packages/deltaflow"],

    "deltaquery": ["deltaquery@workspace:packages/deltaquery"],

    "fake-indexeddb": ["fake-indexeddb@6.0.0", "", {}, "sha512-YEboHE5VfopUclOck7LncgIqskAqnv4q0EWbYCaxKKjAvO93c+TJIaBuGy8CBFdbg9nKdpN3AuPRwVBJ4k7NrQ=="],

    "music-library": ["music-library@workspace:examples/music-library"],

    "prettier": ["prettier@3.5.1", "", { "bin": { "prettier": "bin/prettier.cjs" } }, "sha512-hPpFQvHwL3Qv5AdRvBFMhnKo4tYxp0ReXiPn2bxkiohEX6mBeBwEpBSQTkD458RaaDKQMYSp4hX4UtfUTA5wDw=="],

    "typescript": ["typescript@5.7.3", "", { "bin": { "tsc": "bin/tsc", "tsserver": "bin/tsserver" } }, "sha512-84MVSjMEHP+FQRPy3pX9sTVV/INIex71s9TL2Gm5FG/WG1SqXeKyZ0k7/blY/4FdOzI12CBy1vGc4og/eus0fw=="],

    "typotest": ["typotest@workspace:packages/typotest"],

    "undici-types": ["undici-types@6.20.0", "", {}, "sha512-Ny6QZ2Nju20vw1SRHe3d9jVu6gJ+4e3+MMpqu7pqE5HT6WsTSlce++GQmK5UXS8mzV8DSYHrQH+Xrf2jVcuKNg=="],

    "deltaflow/@types/bun": ["@types/bun@1.2.21", "", { "dependencies": { "bun-types": "1.2.21" } }, "sha512-NiDnvEqmbfQ6dmZ3EeUO577s4P5bf4HCTXtI6trMc6f6RzirY5IrF3aIookuSpyslFzrnvv2lmEWv5HyC1X79A=="],

    "music-library/@types/bun": ["@types/bun@1.2.21", "", { "dependencies": { "bun-types": "1.2.21" } }, "sha512-NiDnvEqmbfQ6dmZ3EeUO577s4P5bf4HCTXtI6trMc6f6RzirY5IrF3aIookuSpyslFzrnvv2lmEWv5HyC1X79A=="],

    "typotest/@types/bun": ["@types/bun@1.2.21", "", { "dependencies": { "bun-types": "1.2.21" } }, "sha512-NiDnvEqmbfQ6dmZ3EeUO577s4P5bf4HCTXtI6trMc6f6RzirY5IrF3aIookuSpyslFzrnvv2lmEWv5HyC1X79A=="],

    "deltaflow/@types/bun/bun-types": ["bun-types@1.2.21", "", { "dependencies": { "@types/node": "*" }, "peerDependencies": { "@types/react": "^19" } }, "sha512-sa2Tj77Ijc/NTLS0/Odjq/qngmEPZfbfnOERi0KRUYhT9R8M4VBioWVmMWE5GrYbKMc+5lVybXygLdibHaqVqw=="],

    "music-library/@types/bun/bun-types": ["bun-types@1.2.21", "", { "dependencies": { "@types/node": "*" }, "peerDependencies": { "@types/react": "^19" } }, "sha512-sa2Tj77Ijc/NTLS0/Odjq/qngmEPZfbfnOERi0KRUYhT9R8M4VBioWVmMWE5GrYbKMc+5lVybXygLdibHaqVqw=="],

    "typotest/@types/bun/bun-types": ["bun-types@1.2.21", "", { "dependencies": { "@types/node": "*" }, "peerDependencies": { "@types/react": "^19" } }, "sha512-sa2Tj77Ijc/NTLS0/Odjq/qngmEPZfbfnOERi0KRUYhT9R8M4VBioWVmMWE5GrYbKMc+5lVybXygLdibHaqVqw=="],
  }
}
